github.com/drhodes/golorem v0.0.0-20160418191928-ecccc744c2d9 h1:EQOZw/LCQ0SM4sNez3EhUf9gQalQrLrs4mPtmQa+d58=
github.com/drhodes/golorem v0.0.0-20160418191928-ecccc744c2d9/go.mod h1:NsKVpF4h4j13Vm6Cx7Kf0V03aJKjfaStvm5rvK4+FyQ=
github.com/go-zookeeper/zk v1.0.1 h1:LmXNmSnkNsNKai+aDu6sHRr8ZJzIrHJo8z8Z4sm8cT8=
github.com/go-zookeeper/zk v1.0.1/go.mod h1:gpJdHazfkmlg4V0rt0vYeHYJHSL8hHFwV0qOd+HRTJE=
